
Microsoft Visual Studio Solution File, Format Version 12.00
# Visual Studio Version 17
VisualStudioVersion = 17.14.36518.9 d17.14
MinimumVisualStudioVersion = 10.0.40219.1
Project("{FAE04EC0-301F-11D3-BF4B-00C04F79EFBC}") = "flappy bırd", "flappy bırd\flappy bırd.csproj", "{ED3BE060-48F3-4D93-A246-AAEE81C24293}"
EndProject
Global
	GlobalSection(SolutionConfigurationPlatforms) = preSolution
		Debug|Any CPU = Debug|Any CPU
		Release|Any CPU = Release|Any CPU
	EndGlobalSection
	GlobalSection(ProjectConfigurationPlatforms) = postSolution
		{ED3BE060-48F3-4D93-A246-AAEE81C24293}.Debug|Any CPU.ActiveCfg = Debug|Any CPU
		{ED3BE060-48F3-4D93-A246-AAEE81C24293}.Debug|Any CPU.Build.0 = Debug|Any CPU
		{ED3BE060-48F3-4D93-A246-AAEE81C24293}.Release|Any CPU.ActiveCfg = Release|Any CPU
		{ED3BE060-48F3-4D93-A246-AAEE81C24293}.Release|Any CPU.Build.0 = Release|Any CPU
	EndGlobalSection
	GlobalSection(SolutionProperties) = preSolution
		HideSolutionNode = FALSE
	EndGlobalSection
	GlobalSection(ExtensibilityGlobals) = postSolution
		SolutionGuid = {ACD1EA28-0629-4CCE-B4BA-F6755410415F}
	EndGlobalSection
EndGlobal
